
Microsoft Visual Studio Solution File, Format Version 12.00
# Visual Studio Version 17
VisualStudioVersion = 17.5.002.0
MinimumVisualStudioVersion = 10.0.40219.1
Project("{9A19103F-16F7-4668-BE54-9A1E7A4F7556}") = "Test", "Test\Test.csproj", "{FFC6EA2E-8665-407A-8F9A-5E54860D483C}"
EndProject
Project("{2150E333-8FDC-42A3-9474-1A3956D46DE8}") = "Lesson1", "Lesson1", "{73342C7E-066E-4C0B-B5AF-140E7DB8C0B7}"
EndProject
Project("{9A19103F-16F7-4668-BE54-9A1E7A4F7556}") = "Example001_HelloConsole", "Lesson1\Example001_HelloConsole\Example001_HelloConsole.csproj", "{24E7E7BF-E243-46AA-BAAE-DB5D873B1FB4}"
EndProject
Project("{9A19103F-16F7-4668-BE54-9A1E7A4F7556}") = "Example002_HellowUser", "Lesson1\Example002_HellowUser\Example002_HellowUser.csproj", "{6E1C0FE3-1023-494E-99DB-CB41371437C8}"
EndProject
Project("{9A19103F-16F7-4668-BE54-9A1E7A4F7556}") = "Example003_Sum", "Lesson1\Example003_Sum\Example003_Sum.csproj", "{C74CEC01-8BC4-4381-8B7E-D49C8E038393}"
EndProject
Project("{9A19103F-16F7-4668-BE54-9A1E7A4F7556}") = "Example004_if", "Lesson1\Example004_if\Example004_if.csproj", "{40868D2F-38DF-4765-AA45-CFB8249A5593}"
EndProject
Project("{9A19103F-16F7-4668-BE54-9A1E7A4F7556}") = "Example005_Base", "Lesson1\Example005_Base\Example005_Base.csproj", "{E868863E-F8DF-4E83-A016-9D24A5552359}"
EndProject
Project("{9A19103F-16F7-4668-BE54-9A1E7A4F7556}") = "Example006_Magic", "Lesson1\Example006_Magic\Example006_Magic.csproj", "{7E1FF8B7-3712-4FC6-BBF3-CA9F715C59CA}"
EndProject
Project("{2150E333-8FDC-42A3-9474-1A3956D46DE8}") = "Lesson3", "Lesson3", "{779E4A57-94B5-4156-B417-F6F54D61A7E4}"
EndProject
Project("{9A19103F-16F7-4668-BE54-9A1E7A4F7556}") = "Example001", "Lesson3\Example001\Example001.csproj", "{8B75A27A-DAA7-476C-BBB1-662FEB3247EB}"
EndProject
Project("{9A19103F-16F7-4668-BE54-9A1E7A4F7556}") = "Example002", "Lesson3\Example002\Example002.csproj", "{62A85B25-C0C2-436B-BB8F-949DFFAF5C4D}"
EndProject
Project("{9A19103F-16F7-4668-BE54-9A1E7A4F7556}") = "Example003", "Lesson3\Example003\Example003.csproj", "{50846909-00F9-4403-A2B1-497BD4757454}"
EndProject
Project("{9A19103F-16F7-4668-BE54-9A1E7A4F7556}") = "Example004", "Lesson3\Example004\Example004.csproj", "{91AF8871-5A11-4852-BA2D-508615C76A48}"
EndProject
Project("{2150E333-8FDC-42A3-9474-1A3956D46DE8}") = "Lesson4", "Lesson4", "{20E9BCD9-0EDC-4173-9DC0-B60CEBAE948B}"
EndProject
Project("{9A19103F-16F7-4668-BE54-9A1E7A4F7556}") = "Example001", "Lesson4\Example001\Example001.csproj", "{2BA74E8E-BBF3-4F7F-BAC4-4A9EEC27A553}"
EndProject
Project("{9A19103F-16F7-4668-BE54-9A1E7A4F7556}") = "Example002", "Lesson4\Example002\Example002.csproj", "{B444AAA4-DBE8-410B-A9BB-F28262DAD5E6}"
EndProject
Project("{9A19103F-16F7-4668-BE54-9A1E7A4F7556}") = "Example003", "Lesson4\Example003\Example003.csproj", "{2CD2AD9D-5945-4335-8842-CF598107EC6C}"
EndProject
Project("{9A19103F-16F7-4668-BE54-9A1E7A4F7556}") = "Example004", "Lesson4\Example004\Example004.csproj", "{93F17EAC-608E-4A68-BDBD-406EB08AA75C}"
EndProject
Project("{2150E333-8FDC-42A3-9474-1A3956D46DE8}") = "Manual", "Manual", "{2C89BA3B-5DEB-4F48-802D-8ABA8BC8F668}"
EndProject
Project("{9A19103F-16F7-4668-BE54-9A1E7A4F7556}") = "Array", "Manual\Array\Array.csproj", "{B9EF7A78-919F-407F-935D-8CEBD6EE7A4B}"
EndProject
Project("{9A19103F-16F7-4668-BE54-9A1E7A4F7556}") = "Cycle", "Manual\Cycle\Cycle.csproj", "{9B7B9EDD-DBD4-4830-9F16-EF9A402ED05F}"
EndProject
Project("{9A19103F-16F7-4668-BE54-9A1E7A4F7556}") = "DataType", "Manual\DataType\DataType.csproj", "{39957683-B6D3-4928-B8EA-E9E14630969C}"
EndProject
Project("{9A19103F-16F7-4668-BE54-9A1E7A4F7556}") = "If", "Manual\If\If.csproj", "{20C350E0-1A1E-4E2F-9631-FE6EB07362A5}"
EndProject
Project("{9A19103F-16F7-4668-BE54-9A1E7A4F7556}") = "Metod", "Manual\Metod\Metod.csproj", "{8E78452C-5A1E-4080-A8BD-D75D6EE7F643}"
EndProject
Project("{9A19103F-16F7-4668-BE54-9A1E7A4F7556}") = "PATTERN", "Manual\PATTERN\PATTERN.csproj", "{D8CCCB37-F477-435C-B8B2-A73B94AC803E}"
EndProject
Project("{2150E333-8FDC-42A3-9474-1A3956D46DE8}") = "Seminar1", "Seminar1", "{3033910D-1122-473F-ACFE-67AD4D71F0E7}"
EndProject
Project("{9A19103F-16F7-4668-BE54-9A1E7A4F7556}") = "Example001", "Seminar1\Example001\Example001.csproj", "{13C91A6A-C912-4D3A-8B46-78BFC4494045}"
EndProject
Project("{2150E333-8FDC-42A3-9474-1A3956D46DE8}") = "Seminar2", "Seminar2", "{AAB021A7-9B87-4D27-8D25-B2AFC551FFBF}"
EndProject
Project("{9A19103F-16F7-4668-BE54-9A1E7A4F7556}") = "Example001", "Seminar2\Example001\Example001.csproj", "{4A3E308D-1C05-426C-B5C5-CF4E7245952F}"
EndProject
Project("{9A19103F-16F7-4668-BE54-9A1E7A4F7556}") = "Example002", "Seminar2\Example002\Example002.csproj", "{38BC1F36-8E70-4CA9-B932-7EB92819876B}"
EndProject
Project("{9A19103F-16F7-4668-BE54-9A1E7A4F7556}") = "Example003", "Seminar2\Example003\Example003.csproj", "{4E235C1A-ACA1-435A-95B3-3C977EC051D8}"
EndProject
Project("{9A19103F-16F7-4668-BE54-9A1E7A4F7556}") = "Example004", "Seminar2\Example004\Example004.csproj", "{F5193FAD-863A-4867-BFA2-590A90573490}"
EndProject
Project("{9A19103F-16F7-4668-BE54-9A1E7A4F7556}") = "Example005", "Seminar2\Example005\Example005.csproj", "{DE6D95BB-FA71-4CA0-A540-241F2F65A008}"
EndProject
Project("{2150E333-8FDC-42A3-9474-1A3956D46DE8}") = "Seminar3", "Seminar3", "{0D30607A-0CC4-49F9-BFE8-A7F21487B7C7}"
EndProject
Project("{9A19103F-16F7-4668-BE54-9A1E7A4F7556}") = "Example001", "Seminar3\Example001\Example001.csproj", "{5999126D-0CCE-4DEB-8426-6BD0E7CFD864}"
EndProject
Project("{9A19103F-16F7-4668-BE54-9A1E7A4F7556}") = "Example002", "Seminar3\Example002\Example002.csproj", "{5C3898EE-A814-40CF-AE96-1F62696BE573}"
EndProject
Project("{9A19103F-16F7-4668-BE54-9A1E7A4F7556}") = "Example003", "Seminar3\Example003\Example003.csproj", "{D14FE421-4F98-4A1D-9CFA-C3379EBBB41A}"
EndProject
Project("{9A19103F-16F7-4668-BE54-9A1E7A4F7556}") = "Example004", "Seminar3\Example004\Example004.csproj", "{0CAFF44E-763D-4DF7-B906-91F6ADA4D819}"
EndProject
Project("{2150E333-8FDC-42A3-9474-1A3956D46DE8}") = "Seminar4", "Seminar4", "{56953B16-7187-4A34-925F-ACD5DF73A34E}"
EndProject
Project("{9A19103F-16F7-4668-BE54-9A1E7A4F7556}") = "Example001", "Seminar4\Example001\Example001.csproj", "{3954E115-17BD-4313-A0BD-42BF75CCB063}"
EndProject
Project("{9A19103F-16F7-4668-BE54-9A1E7A4F7556}") = "Example002", "Seminar4\Example002\Example002.csproj", "{0DEBE580-F7E8-4FF4-9E30-FFDDC0B794E5}"
EndProject
Project("{9A19103F-16F7-4668-BE54-9A1E7A4F7556}") = "Example003", "Seminar4\Example003\Example003.csproj", "{0B698617-EEDA-4E5A-9F11-3A9C060BE03F}"
EndProject
Project("{9A19103F-16F7-4668-BE54-9A1E7A4F7556}") = "Example004", "Seminar4\Example004\Example004.csproj", "{1DDC793A-95E4-410A-8195-C58E6DD1C4CD}"
EndProject
Project("{9A19103F-16F7-4668-BE54-9A1E7A4F7556}") = "Example005", "Seminar4\Example005\Example005.csproj", "{028EBB2A-518D-473A-A017-D3010EC79A91}"
EndProject
Project("{2150E333-8FDC-42A3-9474-1A3956D46DE8}") = "Seminar5", "Seminar5", "{ED28D190-FDEF-41ED-A767-87C9AC483466}"
EndProject
Project("{9A19103F-16F7-4668-BE54-9A1E7A4F7556}") = "Example001", "Seminar5\Example001\Example001.csproj", "{E79E485C-CFFC-40AD-B9B3-299DC467ADC9}"
EndProject
Project("{9A19103F-16F7-4668-BE54-9A1E7A4F7556}") = "Example003", "Seminar5\Example003\Example003.csproj", "{0AA009E9-F4BB-4963-BA95-E1CFCCB90161}"
EndProject
Project("{9A19103F-16F7-4668-BE54-9A1E7A4F7556}") = "Example004", "Seminar5\Example004\Example004.csproj", "{7C9FD8AF-448B-4595-A619-899DB2D8F779}"
EndProject
Project("{9A19103F-16F7-4668-BE54-9A1E7A4F7556}") = "Example005", "Seminar5\Example005\Example005.csproj", "{CB9720D0-AF5B-4D30-AFD6-D2E7351A92F2}"
EndProject
Project("{2150E333-8FDC-42A3-9474-1A3956D46DE8}") = "Seminar6", "Seminar6", "{E2016569-0BD3-446F-ABEB-ED13241816D5}"
EndProject
Project("{9A19103F-16F7-4668-BE54-9A1E7A4F7556}") = "Example001", "Seminar6\Example001\Example001.csproj", "{F1BDBC75-6EA3-461A-9F8F-F6582B063BA4}"
EndProject
Project("{2150E333-8FDC-42A3-9474-1A3956D46DE8}") = "Example002", "Example002", "{514A1C2F-448C-45BB-A70C-02BF23A1014D}"
EndProject
Project("{9A19103F-16F7-4668-BE54-9A1E7A4F7556}") = "Task_001", "Seminar1\Example002\Task_001\Task_001.csproj", "{A05458E0-326F-4888-9427-170A215BB401}"
EndProject
Project("{9A19103F-16F7-4668-BE54-9A1E7A4F7556}") = "Task_002", "Seminar1\Example002\Task_002\Task_002.csproj", "{44C7199D-A3A9-4E4B-8068-44C7752557A8}"
EndProject
Project("{9A19103F-16F7-4668-BE54-9A1E7A4F7556}") = "Task_003", "Seminar1\Example002\Task_003\Task_003.csproj", "{A2175F18-233C-4CF8-966D-34C12DE2F6B8}"
EndProject
Project("{2150E333-8FDC-42A3-9474-1A3956D46DE8}") = "WorkHome", "WorkHome", "{591C8712-3CEF-4F71-A921-86C81506AA1D}"
EndProject
Project("{9A19103F-16F7-4668-BE54-9A1E7A4F7556}") = "Task_001", "Seminar1\WorkHome\Task_001\Task_001.csproj", "{14172C97-F220-4E0E-9AA9-65767FCAE0DA}"
EndProject
Project("{9A19103F-16F7-4668-BE54-9A1E7A4F7556}") = "Task_002", "Seminar1\WorkHome\Task_002\Task_002.csproj", "{5669AD9A-30CC-4316-AEA5-1DD073172780}"
EndProject
Project("{9A19103F-16F7-4668-BE54-9A1E7A4F7556}") = "Task_003", "Seminar1\WorkHome\Task_003\Task_003.csproj", "{4E46A6A0-49E3-4BD0-A8A7-2E903DA73933}"
EndProject
Project("{9A19103F-16F7-4668-BE54-9A1E7A4F7556}") = "Task_004", "Seminar1\WorkHome\Task_004\Task_004.csproj", "{1658C4B8-83C9-4A61-8D2E-AD333DDE9963}"
EndProject
Project("{2150E333-8FDC-42A3-9474-1A3956D46DE8}") = "WorkHome", "WorkHome", "{699DE00C-EBBB-4002-837E-373DF1AAD1CE}"
EndProject
Project("{9A19103F-16F7-4668-BE54-9A1E7A4F7556}") = "Task001", "Seminar2\WorkHome\Task001\Task001.csproj", "{2830ADB7-4341-41FE-B8BC-0F71D891CAB6}"
EndProject
Project("{9A19103F-16F7-4668-BE54-9A1E7A4F7556}") = "Task002", "Seminar2\WorkHome\Task002\Task002.csproj", "{A684ED65-4C6C-4486-A102-18FE0102C97F}"
EndProject
Project("{9A19103F-16F7-4668-BE54-9A1E7A4F7556}") = "Task003", "Seminar2\WorkHome\Task003\Task003.csproj", "{B115D075-2EB6-4797-B5C2-0BD50D855F1E}"
EndProject
Project("{2150E333-8FDC-42A3-9474-1A3956D46DE8}") = "WorkHome", "WorkHome", "{494EE93D-E19E-4E46-8779-836285193B27}"
EndProject
Project("{9A19103F-16F7-4668-BE54-9A1E7A4F7556}") = "Task001", "Seminar3\WorkHome\Task001\Task001.csproj", "{FB754245-997C-4103-8D78-7EFD41EE64DE}"
EndProject
Project("{9A19103F-16F7-4668-BE54-9A1E7A4F7556}") = "Task002", "Seminar3\WorkHome\Task002\Task002.csproj", "{4C5141F4-9A94-4B07-9F3E-2733E2CB9182}"
EndProject
Project("{9A19103F-16F7-4668-BE54-9A1E7A4F7556}") = "Task003", "Seminar3\WorkHome\Task003\Task003.csproj", "{9A79D474-0B4C-468A-B652-C8EFAC660C1B}"
EndProject
Project("{2150E333-8FDC-42A3-9474-1A3956D46DE8}") = "WorkHome", "WorkHome", "{3C565A55-34BB-42A8-BA18-1FB09F630ECE}"
EndProject
Project("{9A19103F-16F7-4668-BE54-9A1E7A4F7556}") = "Task001", "Seminar4\WorkHome\Task001\Task001.csproj", "{C746D253-9378-4216-A2F3-2AF3AD8F53CB}"
EndProject
Project("{9A19103F-16F7-4668-BE54-9A1E7A4F7556}") = "Task002", "Seminar4\WorkHome\Task002\Task002.csproj", "{BA819499-E5B8-4EE1-9605-CB13F7B23CF1}"
EndProject
Project("{9A19103F-16F7-4668-BE54-9A1E7A4F7556}") = "Task003", "Seminar4\WorkHome\Task003\Task003.csproj", "{482109E9-42AA-4609-86AC-7CC7DF0F8E5B}"
EndProject
Project("{2150E333-8FDC-42A3-9474-1A3956D46DE8}") = "Example003 (1)", "Example003", "{AC40A4DA-CC11-44B6-A941-EEEC8EB2AF58}"
EndProject
Project("{9A19103F-16F7-4668-BE54-9A1E7A4F7556}") = "Example002", "Seminar5\Example003\Example002\Example002.csproj", "{31EF147A-B43A-4CE3-90F9-1F6DD7D58C1E}"
EndProject
Project("{2150E333-8FDC-42A3-9474-1A3956D46DE8}") = "WorkHome", "WorkHome", "{B46DB80E-D014-4CEB-AF03-31E78775FA60}"
EndProject
Project("{9A19103F-16F7-4668-BE54-9A1E7A4F7556}") = "Task001", "Seminar5\WorkHome\Task001\Task001.csproj", "{02A3C8DB-B7AF-4496-814E-C1216B8EC295}"
EndProject
Project("{9A19103F-16F7-4668-BE54-9A1E7A4F7556}") = "Task002", "Seminar5\WorkHome\Task002\Task002.csproj", "{955BF0A0-3160-4E76-B15E-96E6716A4B06}"
EndProject
Project("{9A19103F-16F7-4668-BE54-9A1E7A4F7556}") = "Task003", "Seminar5\WorkHome\Task003\Task003.csproj", "{1FD7E093-7228-47C1-8B2B-16BE88E97622}"
EndProject
Global
	GlobalSection(SolutionConfigurationPlatforms) = preSolution
		Debug|Any CPU = Debug|Any CPU
		Release|Any CPU = Release|Any CPU
	EndGlobalSection
	GlobalSection(ProjectConfigurationPlatforms) = postSolution
		{FFC6EA2E-8665-407A-8F9A-5E54860D483C}.Debug|Any CPU.ActiveCfg = Debug|Any CPU
		{FFC6EA2E-8665-407A-8F9A-5E54860D483C}.Debug|Any CPU.Build.0 = Debug|Any CPU
		{FFC6EA2E-8665-407A-8F9A-5E54860D483C}.Release|Any CPU.ActiveCfg = Release|Any CPU
		{FFC6EA2E-8665-407A-8F9A-5E54860D483C}.Release|Any CPU.Build.0 = Release|Any CPU
		{24E7E7BF-E243-46AA-BAAE-DB5D873B1FB4}.Debug|Any CPU.ActiveCfg = Debug|Any CPU
		{24E7E7BF-E243-46AA-BAAE-DB5D873B1FB4}.Debug|Any CPU.Build.0 = Debug|Any CPU
		{24E7E7BF-E243-46AA-BAAE-DB5D873B1FB4}.Release|Any CPU.ActiveCfg = Release|Any CPU
		{24E7E7BF-E243-46AA-BAAE-DB5D873B1FB4}.Release|Any CPU.Build.0 = Release|Any CPU
		{6E1C0FE3-1023-494E-99DB-CB41371437C8}.Debug|Any CPU.ActiveCfg = Debug|Any CPU
		{6E1C0FE3-1023-494E-99DB-CB41371437C8}.Debug|Any CPU.Build.0 = Debug|Any CPU
		{6E1C0FE3-1023-494E-99DB-CB41371437C8}.Release|Any CPU.ActiveCfg = Release|Any CPU
		{6E1C0FE3-1023-494E-99DB-CB41371437C8}.Release|Any CPU.Build.0 = Release|Any CPU
		{C74CEC01-8BC4-4381-8B7E-D49C8E038393}.Debug|Any CPU.ActiveCfg = Debug|Any CPU
		{C74CEC01-8BC4-4381-8B7E-D49C8E038393}.Debug|Any CPU.Build.0 = Debug|Any CPU
		{C74CEC01-8BC4-4381-8B7E-D49C8E038393}.Release|Any CPU.ActiveCfg = Release|Any CPU
		{C74CEC01-8BC4-4381-8B7E-D49C8E038393}.Release|Any CPU.Build.0 = Release|Any CPU
		{40868D2F-38DF-4765-AA45-CFB8249A5593}.Debug|Any CPU.ActiveCfg = Debug|Any CPU
		{40868D2F-38DF-4765-AA45-CFB8249A5593}.Debug|Any CPU.Build.0 = Debug|Any CPU
		{40868D2F-38DF-4765-AA45-CFB8249A5593}.Release|Any CPU.ActiveCfg = Release|Any CPU
		{40868D2F-38DF-4765-AA45-CFB8249A5593}.Release|Any CPU.Build.0 = Release|Any CPU
		{E868863E-F8DF-4E83-A016-9D24A5552359}.Debug|Any CPU.ActiveCfg = Debug|Any CPU
		{E868863E-F8DF-4E83-A016-9D24A5552359}.Debug|Any CPU.Build.0 = Debug|Any CPU
		{E868863E-F8DF-4E83-A016-9D24A5552359}.Release|Any CPU.ActiveCfg = Release|Any CPU
		{E868863E-F8DF-4E83-A016-9D24A5552359}.Release|Any CPU.Build.0 = Release|Any CPU
		{7E1FF8B7-3712-4FC6-BBF3-CA9F715C59CA}.Debug|Any CPU.ActiveCfg = Debug|Any CPU
		{7E1FF8B7-3712-4FC6-BBF3-CA9F715C59CA}.Debug|Any CPU.Build.0 = Debug|Any CPU
		{7E1FF8B7-3712-4FC6-BBF3-CA9F715C59CA}.Release|Any CPU.ActiveCfg = Release|Any CPU
		{7E1FF8B7-3712-4FC6-BBF3-CA9F715C59CA}.Release|Any CPU.Build.0 = Release|Any CPU
		{8B75A27A-DAA7-476C-BBB1-662FEB3247EB}.Debug|Any CPU.ActiveCfg = Debug|Any CPU
		{8B75A27A-DAA7-476C-BBB1-662FEB3247EB}.Debug|Any CPU.Build.0 = Debug|Any CPU
		{8B75A27A-DAA7-476C-BBB1-662FEB3247EB}.Release|Any CPU.ActiveCfg = Release|Any CPU
		{8B75A27A-DAA7-476C-BBB1-662FEB3247EB}.Release|Any CPU.Build.0 = Release|Any CPU
		{62A85B25-C0C2-436B-BB8F-949DFFAF5C4D}.Debug|Any CPU.ActiveCfg = Debug|Any CPU
		{62A85B25-C0C2-436B-BB8F-949DFFAF5C4D}.Debug|Any CPU.Build.0 = Debug|Any CPU
		{62A85B25-C0C2-436B-BB8F-949DFFAF5C4D}.Release|Any CPU.ActiveCfg = Release|Any CPU
		{62A85B25-C0C2-436B-BB8F-949DFFAF5C4D}.Release|Any CPU.Build.0 = Release|Any CPU
		{50846909-00F9-4403-A2B1-497BD4757454}.Debug|Any CPU.ActiveCfg = Debug|Any CPU
		{50846909-00F9-4403-A2B1-497BD4757454}.Debug|Any CPU.Build.0 = Debug|Any CPU
		{50846909-00F9-4403-A2B1-497BD4757454}.Release|Any CPU.ActiveCfg = Release|Any CPU
		{50846909-00F9-4403-A2B1-497BD4757454}.Release|Any CPU.Build.0 = Release|Any CPU
		{91AF8871-5A11-4852-BA2D-508615C76A48}.Debug|Any CPU.ActiveCfg = Debug|Any CPU
		{91AF8871-5A11-4852-BA2D-508615C76A48}.Debug|Any CPU.Build.0 = Debug|Any CPU
		{91AF8871-5A11-4852-BA2D-508615C76A48}.Release|Any CPU.ActiveCfg = Release|Any CPU
		{91AF8871-5A11-4852-BA2D-508615C76A48}.Release|Any CPU.Build.0 = Release|Any CPU
		{2BA74E8E-BBF3-4F7F-BAC4-4A9EEC27A553}.Debug|Any CPU.ActiveCfg = Debug|Any CPU
		{2BA74E8E-BBF3-4F7F-BAC4-4A9EEC27A553}.Debug|Any CPU.Build.0 = Debug|Any CPU
		{2BA74E8E-BBF3-4F7F-BAC4-4A9EEC27A553}.Release|Any CPU.ActiveCfg = Release|Any CPU
		{2BA74E8E-BBF3-4F7F-BAC4-4A9EEC27A553}.Release|Any CPU.Build.0 = Release|Any CPU
		{B444AAA4-DBE8-410B-A9BB-F28262DAD5E6}.Debug|Any CPU.ActiveCfg = Debug|Any CPU
		{B444AAA4-DBE8-410B-A9BB-F28262DAD5E6}.Debug|Any CPU.Build.0 = Debug|Any CPU
		{B444AAA4-DBE8-410B-A9BB-F28262DAD5E6}.Release|Any CPU.ActiveCfg = Release|Any CPU
		{B444AAA4-DBE8-410B-A9BB-F28262DAD5E6}.Release|Any CPU.Build.0 = Release|Any CPU
		{2CD2AD9D-5945-4335-8842-CF598107EC6C}.Debug|Any CPU.ActiveCfg = Debug|Any CPU
		{2CD2AD9D-5945-4335-8842-CF598107EC6C}.Debug|Any CPU.Build.0 = Debug|Any CPU
		{2CD2AD9D-5945-4335-8842-CF598107EC6C}.Release|Any CPU.ActiveCfg = Release|Any CPU
		{2CD2AD9D-5945-4335-8842-CF598107EC6C}.Release|Any CPU.Build.0 = Release|Any CPU
		{93F17EAC-608E-4A68-BDBD-406EB08AA75C}.Debug|Any CPU.ActiveCfg = Debug|Any CPU
		{93F17EAC-608E-4A68-BDBD-406EB08AA75C}.Debug|Any CPU.Build.0 = Debug|Any CPU
		{93F17EAC-608E-4A68-BDBD-406EB08AA75C}.Release|Any CPU.ActiveCfg = Release|Any CPU
		{93F17EAC-608E-4A68-BDBD-406EB08AA75C}.Release|Any CPU.Build.0 = Release|Any CPU
		{B9EF7A78-919F-407F-935D-8CEBD6EE7A4B}.Debug|Any CPU.ActiveCfg = Debug|Any CPU
		{B9EF7A78-919F-407F-935D-8CEBD6EE7A4B}.Debug|Any CPU.Build.0 = Debug|Any CPU
		{B9EF7A78-919F-407F-935D-8CEBD6EE7A4B}.Release|Any CPU.ActiveCfg = Release|Any CPU
		{B9EF7A78-919F-407F-935D-8CEBD6EE7A4B}.Release|Any CPU.Build.0 = Release|Any CPU
		{9B7B9EDD-DBD4-4830-9F16-EF9A402ED05F}.Debug|Any CPU.ActiveCfg = Debug|Any CPU
		{9B7B9EDD-DBD4-4830-9F16-EF9A402ED05F}.Debug|Any CPU.Build.0 = Debug|Any CPU
		{9B7B9EDD-DBD4-4830-9F16-EF9A402ED05F}.Release|Any CPU.ActiveCfg = Release|Any CPU
		{9B7B9EDD-DBD4-4830-9F16-EF9A402ED05F}.Release|Any CPU.Build.0 = Release|Any CPU
		{39957683-B6D3-4928-B8EA-E9E14630969C}.Debug|Any CPU.ActiveCfg = Debug|Any CPU
		{39957683-B6D3-4928-B8EA-E9E14630969C}.Debug|Any CPU.Build.0 = Debug|Any CPU
		{39957683-B6D3-4928-B8EA-E9E14630969C}.Release|Any CPU.ActiveCfg = Release|Any CPU
		{39957683-B6D3-4928-B8EA-E9E14630969C}.Release|Any CPU.Build.0 = Release|Any CPU
		{20C350E0-1A1E-4E2F-9631-FE6EB07362A5}.Debug|Any CPU.ActiveCfg = Debug|Any CPU
		{20C350E0-1A1E-4E2F-9631-FE6EB07362A5}.Debug|Any CPU.Build.0 = Debug|Any CPU
		{20C350E0-1A1E-4E2F-9631-FE6EB07362A5}.Release|Any CPU.ActiveCfg = Release|Any CPU
		{20C350E0-1A1E-4E2F-9631-FE6EB07362A5}.Release|Any CPU.Build.0 = Release|Any CPU
		{8E78452C-5A1E-4080-A8BD-D75D6EE7F643}.Debug|Any CPU.ActiveCfg = Debug|Any CPU
		{8E78452C-5A1E-4080-A8BD-D75D6EE7F643}.Debug|Any CPU.Build.0 = Debug|Any CPU
		{8E78452C-5A1E-4080-A8BD-D75D6EE7F643}.Release|Any CPU.ActiveCfg = Release|Any CPU
		{8E78452C-5A1E-4080-A8BD-D75D6EE7F643}.Release|Any CPU.Build.0 = Release|Any CPU
		{D8CCCB37-F477-435C-B8B2-A73B94AC803E}.Debug|Any CPU.ActiveCfg = Debug|Any CPU
		{D8CCCB37-F477-435C-B8B2-A73B94AC803E}.Debug|Any CPU.Build.0 = Debug|Any CPU
		{D8CCCB37-F477-435C-B8B2-A73B94AC803E}.Release|Any CPU.ActiveCfg = Release|Any CPU
		{D8CCCB37-F477-435C-B8B2-A73B94AC803E}.Release|Any CPU.Build.0 = Release|Any CPU
		{13C91A6A-C912-4D3A-8B46-78BFC4494045}.Debug|Any CPU.ActiveCfg = Debug|Any CPU
		{13C91A6A-C912-4D3A-8B46-78BFC4494045}.Debug|Any CPU.Build.0 = Debug|Any CPU
		{13C91A6A-C912-4D3A-8B46-78BFC4494045}.Release|Any CPU.ActiveCfg = Release|Any CPU
		{13C91A6A-C912-4D3A-8B46-78BFC4494045}.Release|Any CPU.Build.0 = Release|Any CPU
		{4A3E308D-1C05-426C-B5C5-CF4E7245952F}.Debug|Any CPU.ActiveCfg = Debug|Any CPU
		{4A3E308D-1C05-426C-B5C5-CF4E7245952F}.Debug|Any CPU.Build.0 = Debug|Any CPU
		{4A3E308D-1C05-426C-B5C5-CF4E7245952F}.Release|Any CPU.ActiveCfg = Release|Any CPU
		{4A3E308D-1C05-426C-B5C5-CF4E7245952F}.Release|Any CPU.Build.0 = Release|Any CPU
		{38BC1F36-8E70-4CA9-B932-7EB92819876B}.Debug|Any CPU.ActiveCfg = Debug|Any CPU
		{38BC1F36-8E70-4CA9-B932-7EB92819876B}.Debug|Any CPU.Build.0 = Debug|Any CPU
		{38BC1F36-8E70-4CA9-B932-7EB92819876B}.Release|Any CPU.ActiveCfg = Release|Any CPU
		{38BC1F36-8E70-4CA9-B932-7EB92819876B}.Release|Any CPU.Build.0 = Release|Any CPU
		{4E235C1A-ACA1-435A-95B3-3C977EC051D8}.Debug|Any CPU.ActiveCfg = Debug|Any CPU
		{4E235C1A-ACA1-435A-95B3-3C977EC051D8}.Debug|Any CPU.Build.0 = Debug|Any CPU
		{4E235C1A-ACA1-435A-95B3-3C977EC051D8}.Release|Any CPU.ActiveCfg = Release|Any CPU
		{4E235C1A-ACA1-435A-95B3-3C977EC051D8}.Release|Any CPU.Build.0 = Release|Any CPU
		{F5193FAD-863A-4867-BFA2-590A90573490}.Debug|Any CPU.ActiveCfg = Debug|Any CPU
		{F5193FAD-863A-4867-BFA2-590A90573490}.Debug|Any CPU.Build.0 = Debug|Any CPU
		{F5193FAD-863A-4867-BFA2-590A90573490}.Release|Any CPU.ActiveCfg = Release|Any CPU
		{F5193FAD-863A-4867-BFA2-590A90573490}.Release|Any CPU.Build.0 = Release|Any CPU
		{DE6D95BB-FA71-4CA0-A540-241F2F65A008}.Debug|Any CPU.ActiveCfg = Debug|Any CPU
		{DE6D95BB-FA71-4CA0-A540-241F2F65A008}.Debug|Any CPU.Build.0 = Debug|Any CPU
		{DE6D95BB-FA71-4CA0-A540-241F2F65A008}.Release|Any CPU.ActiveCfg = Release|Any CPU
		{DE6D95BB-FA71-4CA0-A540-241F2F65A008}.Release|Any CPU.Build.0 = Release|Any CPU
		{5999126D-0CCE-4DEB-8426-6BD0E7CFD864}.Debug|Any CPU.ActiveCfg = Debug|Any CPU
		{5999126D-0CCE-4DEB-8426-6BD0E7CFD864}.Debug|Any CPU.Build.0 = Debug|Any CPU
		{5999126D-0CCE-4DEB-8426-6BD0E7CFD864}.Release|Any CPU.ActiveCfg = Release|Any CPU
		{5999126D-0CCE-4DEB-8426-6BD0E7CFD864}.Release|Any CPU.Build.0 = Release|Any CPU
		{5C3898EE-A814-40CF-AE96-1F62696BE573}.Debug|Any CPU.ActiveCfg = Debug|Any CPU
		{5C3898EE-A814-40CF-AE96-1F62696BE573}.Debug|Any CPU.Build.0 = Debug|Any CPU
		{5C3898EE-A814-40CF-AE96-1F62696BE573}.Release|Any CPU.ActiveCfg = Release|Any CPU
		{5C3898EE-A814-40CF-AE96-1F62696BE573}.Release|Any CPU.Build.0 = Release|Any CPU
		{D14FE421-4F98-4A1D-9CFA-C3379EBBB41A}.Debug|Any CPU.ActiveCfg = Debug|Any CPU
		{D14FE421-4F98-4A1D-9CFA-C3379EBBB41A}.Debug|Any CPU.Build.0 = Debug|Any CPU
		{D14FE421-4F98-4A1D-9CFA-C3379EBBB41A}.Release|Any CPU.ActiveCfg = Release|Any CPU
		{D14FE421-4F98-4A1D-9CFA-C3379EBBB41A}.Release|Any CPU.Build.0 = Release|Any CPU
		{0CAFF44E-763D-4DF7-B906-91F6ADA4D819}.Debug|Any CPU.ActiveCfg = Debug|Any CPU
		{0CAFF44E-763D-4DF7-B906-91F6ADA4D819}.Debug|Any CPU.Build.0 = Debug|Any CPU
		{0CAFF44E-763D-4DF7-B906-91F6ADA4D819}.Release|Any CPU.ActiveCfg = Release|Any CPU
		{0CAFF44E-763D-4DF7-B906-91F6ADA4D819}.Release|Any CPU.Build.0 = Release|Any CPU
		{3954E115-17BD-4313-A0BD-42BF75CCB063}.Debug|Any CPU.ActiveCfg = Debug|Any CPU
		{3954E115-17BD-4313-A0BD-42BF75CCB063}.Debug|Any CPU.Build.0 = Debug|Any CPU
		{3954E115-17BD-4313-A0BD-42BF75CCB063}.Release|Any CPU.ActiveCfg = Release|Any CPU
		{3954E115-17BD-4313-A0BD-42BF75CCB063}.Release|Any CPU.Build.0 = Release|Any CPU
		{0DEBE580-F7E8-4FF4-9E30-FFDDC0B794E5}.Debug|Any CPU.ActiveCfg = Debug|Any CPU
		{0DEBE580-F7E8-4FF4-9E30-FFDDC0B794E5}.Debug|Any CPU.Build.0 = Debug|Any CPU
		{0DEBE580-F7E8-4FF4-9E30-FFDDC0B794E5}.Release|Any CPU.ActiveCfg = Release|Any CPU
		{0DEBE580-F7E8-4FF4-9E30-FFDDC0B794E5}.Release|Any CPU.Build.0 = Release|Any CPU
		{0B698617-EEDA-4E5A-9F11-3A9C060BE03F}.Debug|Any CPU.ActiveCfg = Debug|Any CPU
		{0B698617-EEDA-4E5A-9F11-3A9C060BE03F}.Debug|Any CPU.Build.0 = Debug|Any CPU
		{0B698617-EEDA-4E5A-9F11-3A9C060BE03F}.Release|Any CPU.ActiveCfg = Release|Any CPU
		{0B698617-EEDA-4E5A-9F11-3A9C060BE03F}.Release|Any CPU.Build.0 = Release|Any CPU
		{1DDC793A-95E4-410A-8195-C58E6DD1C4CD}.Debug|Any CPU.ActiveCfg = Debug|Any CPU
		{1DDC793A-95E4-410A-8195-C58E6DD1C4CD}.Debug|Any CPU.Build.0 = Debug|Any CPU
		{1DDC793A-95E4-410A-8195-C58E6DD1C4CD}.Release|Any CPU.ActiveCfg = Release|Any CPU
		{1DDC793A-95E4-410A-8195-C58E6DD1C4CD}.Release|Any CPU.Build.0 = Release|Any CPU
		{028EBB2A-518D-473A-A017-D3010EC79A91}.Debug|Any CPU.ActiveCfg = Debug|Any CPU
		{028EBB2A-518D-473A-A017-D3010EC79A91}.Debug|Any CPU.Build.0 = Debug|Any CPU
		{028EBB2A-518D-473A-A017-D3010EC79A91}.Release|Any CPU.ActiveCfg = Release|Any CPU
		{028EBB2A-518D-473A-A017-D3010EC79A91}.Release|Any CPU.Build.0 = Release|Any CPU
		{E79E485C-CFFC-40AD-B9B3-299DC467ADC9}.Debug|Any CPU.ActiveCfg = Debug|Any CPU
		{E79E485C-CFFC-40AD-B9B3-299DC467ADC9}.Debug|Any CPU.Build.0 = Debug|Any CPU
		{E79E485C-CFFC-40AD-B9B3-299DC467ADC9}.Release|Any CPU.ActiveCfg = Release|Any CPU
		{E79E485C-CFFC-40AD-B9B3-299DC467ADC9}.Release|Any CPU.Build.0 = Release|Any CPU
		{0AA009E9-F4BB-4963-BA95-E1CFCCB90161}.Debug|Any CPU.ActiveCfg = Debug|Any CPU
		{0AA009E9-F4BB-4963-BA95-E1CFCCB90161}.Debug|Any CPU.Build.0 = Debug|Any CPU
		{0AA009E9-F4BB-4963-BA95-E1CFCCB90161}.Release|Any CPU.ActiveCfg = Release|Any CPU
		{0AA009E9-F4BB-4963-BA95-E1CFCCB90161}.Release|Any CPU.Build.0 = Release|Any CPU
		{7C9FD8AF-448B-4595-A619-899DB2D8F779}.Debug|Any CPU.ActiveCfg = Debug|Any CPU
		{7C9FD8AF-448B-4595-A619-899DB2D8F779}.Debug|Any CPU.Build.0 = Debug|Any CPU
		{7C9FD8AF-448B-4595-A619-899DB2D8F779}.Release|Any CPU.ActiveCfg = Release|Any CPU
		{7C9FD8AF-448B-4595-A619-899DB2D8F779}.Release|Any CPU.Build.0 = Release|Any CPU
		{CB9720D0-AF5B-4D30-AFD6-D2E7351A92F2}.Debug|Any CPU.ActiveCfg = Debug|Any CPU
		{CB9720D0-AF5B-4D30-AFD6-D2E7351A92F2}.Debug|Any CPU.Build.0 = Debug|Any CPU
		{CB9720D0-AF5B-4D30-AFD6-D2E7351A92F2}.Release|Any CPU.ActiveCfg = Release|Any CPU
		{CB9720D0-AF5B-4D30-AFD6-D2E7351A92F2}.Release|Any CPU.Build.0 = Release|Any CPU
		{F1BDBC75-6EA3-461A-9F8F-F6582B063BA4}.Debug|Any CPU.ActiveCfg = Debug|Any CPU
		{F1BDBC75-6EA3-461A-9F8F-F6582B063BA4}.Debug|Any CPU.Build.0 = Debug|Any CPU
		{F1BDBC75-6EA3-461A-9F8F-F6582B063BA4}.Release|Any CPU.ActiveCfg = Release|Any CPU
		{F1BDBC75-6EA3-461A-9F8F-F6582B063BA4}.Release|Any CPU.Build.0 = Release|Any CPU
		{A05458E0-326F-4888-9427-170A215BB401}.Debug|Any CPU.ActiveCfg = Debug|Any CPU
		{A05458E0-326F-4888-9427-170A215BB401}.Debug|Any CPU.Build.0 = Debug|Any CPU
		{A05458E0-326F-4888-9427-170A215BB401}.Release|Any CPU.ActiveCfg = Release|Any CPU
		{A05458E0-326F-4888-9427-170A215BB401}.Release|Any CPU.Build.0 = Release|Any CPU
		{44C7199D-A3A9-4E4B-8068-44C7752557A8}.Debug|Any CPU.ActiveCfg = Debug|Any CPU
		{44C7199D-A3A9-4E4B-8068-44C7752557A8}.Debug|Any CPU.Build.0 = Debug|Any CPU
		{44C7199D-A3A9-4E4B-8068-44C7752557A8}.Release|Any CPU.ActiveCfg = Release|Any CPU
		{44C7199D-A3A9-4E4B-8068-44C7752557A8}.Release|Any CPU.Build.0 = Release|Any CPU
		{A2175F18-233C-4CF8-966D-34C12DE2F6B8}.Debug|Any CPU.ActiveCfg = Debug|Any CPU
		{A2175F18-233C-4CF8-966D-34C12DE2F6B8}.Debug|Any CPU.Build.0 = Debug|Any CPU
		{A2175F18-233C-4CF8-966D-34C12DE2F6B8}.Release|Any CPU.ActiveCfg = Release|Any CPU
		{A2175F18-233C-4CF8-966D-34C12DE2F6B8}.Release|Any CPU.Build.0 = Release|Any CPU
		{14172C97-F220-4E0E-9AA9-65767FCAE0DA}.Debug|Any CPU.ActiveCfg = Debug|Any CPU
		{14172C97-F220-4E0E-9AA9-65767FCAE0DA}.Debug|Any CPU.Build.0 = Debug|Any CPU
		{14172C97-F220-4E0E-9AA9-65767FCAE0DA}.Release|Any CPU.ActiveCfg = Release|Any CPU
		{14172C97-F220-4E0E-9AA9-65767FCAE0DA}.Release|Any CPU.Build.0 = Release|Any CPU
		{5669AD9A-30CC-4316-AEA5-1DD073172780}.Debug|Any CPU.ActiveCfg = Debug|Any CPU
		{5669AD9A-30CC-4316-AEA5-1DD073172780}.Debug|Any CPU.Build.0 = Debug|Any CPU
		{5669AD9A-30CC-4316-AEA5-1DD073172780}.Release|Any CPU.ActiveCfg = Release|Any CPU
		{5669AD9A-30CC-4316-AEA5-1DD073172780}.Release|Any CPU.Build.0 = Release|Any CPU
		{4E46A6A0-49E3-4BD0-A8A7-2E903DA73933}.Debug|Any CPU.ActiveCfg = Debug|Any CPU
		{4E46A6A0-49E3-4BD0-A8A7-2E903DA73933}.Debug|Any CPU.Build.0 = Debug|Any CPU
		{4E46A6A0-49E3-4BD0-A8A7-2E903DA73933}.Release|Any CPU.ActiveCfg = Release|Any CPU
		{4E46A6A0-49E3-4BD0-A8A7-2E903DA73933}.Release|Any CPU.Build.0 = Release|Any CPU
		{1658C4B8-83C9-4A61-8D2E-AD333DDE9963}.Debug|Any CPU.ActiveCfg = Debug|Any CPU
		{1658C4B8-83C9-4A61-8D2E-AD333DDE9963}.Debug|Any CPU.Build.0 = Debug|Any CPU
		{1658C4B8-83C9-4A61-8D2E-AD333DDE9963}.Release|Any CPU.ActiveCfg = Release|Any CPU
		{1658C4B8-83C9-4A61-8D2E-AD333DDE9963}.Release|Any CPU.Build.0 = Release|Any CPU
		{2830ADB7-4341-41FE-B8BC-0F71D891CAB6}.Debug|Any CPU.ActiveCfg = Debug|Any CPU
		{2830ADB7-4341-41FE-B8BC-0F71D891CAB6}.Debug|Any CPU.Build.0 = Debug|Any CPU
		{2830ADB7-4341-41FE-B8BC-0F71D891CAB6}.Release|Any CPU.ActiveCfg = Release|Any CPU
		{2830ADB7-4341-41FE-B8BC-0F71D891CAB6}.Release|Any CPU.Build.0 = Release|Any CPU
		{A684ED65-4C6C-4486-A102-18FE0102C97F}.Debug|Any CPU.ActiveCfg = Debug|Any CPU
		{A684ED65-4C6C-4486-A102-18FE0102C97F}.Debug|Any CPU.Build.0 = Debug|Any CPU
		{A684ED65-4C6C-4486-A102-18FE0102C97F}.Release|Any CPU.ActiveCfg = Release|Any CPU
		{A684ED65-4C6C-4486-A102-18FE0102C97F}.Release|Any CPU.Build.0 = Release|Any CPU
		{B115D075-2EB6-4797-B5C2-0BD50D855F1E}.Debug|Any CPU.ActiveCfg = Debug|Any CPU
		{B115D075-2EB6-4797-B5C2-0BD50D855F1E}.Debug|Any CPU.Build.0 = Debug|Any CPU
		{B115D075-2EB6-4797-B5C2-0BD50D855F1E}.Release|Any CPU.ActiveCfg = Release|Any CPU
		{B115D075-2EB6-4797-B5C2-0BD50D855F1E}.Release|Any CPU.Build.0 = Release|Any CPU
		{FB754245-997C-4103-8D78-7EFD41EE64DE}.Debug|Any CPU.ActiveCfg = Debug|Any CPU
		{FB754245-997C-4103-8D78-7EFD41EE64DE}.Debug|Any CPU.Build.0 = Debug|Any CPU
		{FB754245-997C-4103-8D78-7EFD41EE64DE}.Release|Any CPU.ActiveCfg = Release|Any CPU
		{FB754245-997C-4103-8D78-7EFD41EE64DE}.Release|Any CPU.Build.0 = Release|Any CPU
		{4C5141F4-9A94-4B07-9F3E-2733E2CB9182}.Debug|Any CPU.ActiveCfg = Debug|Any CPU
		{4C5141F4-9A94-4B07-9F3E-2733E2CB9182}.Debug|Any CPU.Build.0 = Debug|Any CPU
		{4C5141F4-9A94-4B07-9F3E-2733E2CB9182}.Release|Any CPU.ActiveCfg = Release|Any CPU
		{4C5141F4-9A94-4B07-9F3E-2733E2CB9182}.Release|Any CPU.Build.0 = Release|Any CPU
		{9A79D474-0B4C-468A-B652-C8EFAC660C1B}.Debug|Any CPU.ActiveCfg = Debug|Any CPU
		{9A79D474-0B4C-468A-B652-C8EFAC660C1B}.Debug|Any CPU.Build.0 = Debug|Any CPU
		{9A79D474-0B4C-468A-B652-C8EFAC660C1B}.Release|Any CPU.ActiveCfg = Release|Any CPU
		{9A79D474-0B4C-468A-B652-C8EFAC660C1B}.Release|Any CPU.Build.0 = Release|Any CPU
		{C746D253-9378-4216-A2F3-2AF3AD8F53CB}.Debug|Any CPU.ActiveCfg = Debug|Any CPU
		{C746D253-9378-4216-A2F3-2AF3AD8F53CB}.Debug|Any CPU.Build.0 = Debug|Any CPU
		{C746D253-9378-4216-A2F3-2AF3AD8F53CB}.Release|Any CPU.ActiveCfg = Release|Any CPU
		{C746D253-9378-4216-A2F3-2AF3AD8F53CB}.Release|Any CPU.Build.0 = Release|Any CPU
		{BA819499-E5B8-4EE1-9605-CB13F7B23CF1}.Debug|Any CPU.ActiveCfg = Debug|Any CPU
		{BA819499-E5B8-4EE1-9605-CB13F7B23CF1}.Debug|Any CPU.Build.0 = Debug|Any CPU
		{BA819499-E5B8-4EE1-9605-CB13F7B23CF1}.Release|Any CPU.ActiveCfg = Release|Any CPU
		{BA819499-E5B8-4EE1-9605-CB13F7B23CF1}.Release|Any CPU.Build.0 = Release|Any CPU
		{482109E9-42AA-4609-86AC-7CC7DF0F8E5B}.Debug|Any CPU.ActiveCfg = Debug|Any CPU
		{482109E9-42AA-4609-86AC-7CC7DF0F8E5B}.Debug|Any CPU.Build.0 = Debug|Any CPU
		{482109E9-42AA-4609-86AC-7CC7DF0F8E5B}.Release|Any CPU.ActiveCfg = Release|Any CPU
		{482109E9-42AA-4609-86AC-7CC7DF0F8E5B}.Release|Any CPU.Build.0 = Release|Any CPU
		{31EF147A-B43A-4CE3-90F9-1F6DD7D58C1E}.Debug|Any CPU.ActiveCfg = Debug|Any CPU
		{31EF147A-B43A-4CE3-90F9-1F6DD7D58C1E}.Debug|Any CPU.Build.0 = Debug|Any CPU
		{31EF147A-B43A-4CE3-90F9-1F6DD7D58C1E}.Release|Any CPU.ActiveCfg = Release|Any CPU
		{31EF147A-B43A-4CE3-90F9-1F6DD7D58C1E}.Release|Any CPU.Build.0 = Release|Any CPU
		{02A3C8DB-B7AF-4496-814E-C1216B8EC295}.Debug|Any CPU.ActiveCfg = Debug|Any CPU
		{02A3C8DB-B7AF-4496-814E-C1216B8EC295}.Debug|Any CPU.Build.0 = Debug|Any CPU
		{02A3C8DB-B7AF-4496-814E-C1216B8EC295}.Release|Any CPU.ActiveCfg = Release|Any CPU
		{02A3C8DB-B7AF-4496-814E-C1216B8EC295}.Release|Any CPU.Build.0 = Release|Any CPU
		{955BF0A0-3160-4E76-B15E-96E6716A4B06}.Debug|Any CPU.ActiveCfg = Debug|Any CPU
		{955BF0A0-3160-4E76-B15E-96E6716A4B06}.Debug|Any CPU.Build.0 = Debug|Any CPU
		{955BF0A0-3160-4E76-B15E-96E6716A4B06}.Release|Any CPU.ActiveCfg = Release|Any CPU
		{955BF0A0-3160-4E76-B15E-96E6716A4B06}.Release|Any CPU.Build.0 = Release|Any CPU
		{1FD7E093-7228-47C1-8B2B-16BE88E97622}.Debug|Any CPU.ActiveCfg = Debug|Any CPU
		{1FD7E093-7228-47C1-8B2B-16BE88E97622}.Debug|Any CPU.Build.0 = Debug|Any CPU
		{1FD7E093-7228-47C1-8B2B-16BE88E97622}.Release|Any CPU.ActiveCfg = Release|Any CPU
		{1FD7E093-7228-47C1-8B2B-16BE88E97622}.Release|Any CPU.Build.0 = Release|Any CPU
	EndGlobalSection
	GlobalSection(SolutionProperties) = preSolution
		HideSolutionNode = FALSE
	EndGlobalSection
	GlobalSection(NestedProjects) = preSolution
		{24E7E7BF-E243-46AA-BAAE-DB5D873B1FB4} = {73342C7E-066E-4C0B-B5AF-140E7DB8C0B7}
		{6E1C0FE3-1023-494E-99DB-CB41371437C8} = {73342C7E-066E-4C0B-B5AF-140E7DB8C0B7}
		{C74CEC01-8BC4-4381-8B7E-D49C8E038393} = {73342C7E-066E-4C0B-B5AF-140E7DB8C0B7}
		{40868D2F-38DF-4765-AA45-CFB8249A5593} = {73342C7E-066E-4C0B-B5AF-140E7DB8C0B7}
		{E868863E-F8DF-4E83-A016-9D24A5552359} = {73342C7E-066E-4C0B-B5AF-140E7DB8C0B7}
		{7E1FF8B7-3712-4FC6-BBF3-CA9F715C59CA} = {73342C7E-066E-4C0B-B5AF-140E7DB8C0B7}
		{8B75A27A-DAA7-476C-BBB1-662FEB3247EB} = {779E4A57-94B5-4156-B417-F6F54D61A7E4}
		{62A85B25-C0C2-436B-BB8F-949DFFAF5C4D} = {779E4A57-94B5-4156-B417-F6F54D61A7E4}
		{50846909-00F9-4403-A2B1-497BD4757454} = {779E4A57-94B5-4156-B417-F6F54D61A7E4}
		{91AF8871-5A11-4852-BA2D-508615C76A48} = {779E4A57-94B5-4156-B417-F6F54D61A7E4}
		{2BA74E8E-BBF3-4F7F-BAC4-4A9EEC27A553} = {20E9BCD9-0EDC-4173-9DC0-B60CEBAE948B}
		{B444AAA4-DBE8-410B-A9BB-F28262DAD5E6} = {20E9BCD9-0EDC-4173-9DC0-B60CEBAE948B}
		{2CD2AD9D-5945-4335-8842-CF598107EC6C} = {20E9BCD9-0EDC-4173-9DC0-B60CEBAE948B}
		{93F17EAC-608E-4A68-BDBD-406EB08AA75C} = {20E9BCD9-0EDC-4173-9DC0-B60CEBAE948B}
		{B9EF7A78-919F-407F-935D-8CEBD6EE7A4B} = {2C89BA3B-5DEB-4F48-802D-8ABA8BC8F668}
		{9B7B9EDD-DBD4-4830-9F16-EF9A402ED05F} = {2C89BA3B-5DEB-4F48-802D-8ABA8BC8F668}
		{39957683-B6D3-4928-B8EA-E9E14630969C} = {2C89BA3B-5DEB-4F48-802D-8ABA8BC8F668}
		{20C350E0-1A1E-4E2F-9631-FE6EB07362A5} = {2C89BA3B-5DEB-4F48-802D-8ABA8BC8F668}
		{8E78452C-5A1E-4080-A8BD-D75D6EE7F643} = {2C89BA3B-5DEB-4F48-802D-8ABA8BC8F668}
		{D8CCCB37-F477-435C-B8B2-A73B94AC803E} = {2C89BA3B-5DEB-4F48-802D-8ABA8BC8F668}
		{13C91A6A-C912-4D3A-8B46-78BFC4494045} = {3033910D-1122-473F-ACFE-67AD4D71F0E7}
		{4A3E308D-1C05-426C-B5C5-CF4E7245952F} = {AAB021A7-9B87-4D27-8D25-B2AFC551FFBF}
		{38BC1F36-8E70-4CA9-B932-7EB92819876B} = {AAB021A7-9B87-4D27-8D25-B2AFC551FFBF}
		{4E235C1A-ACA1-435A-95B3-3C977EC051D8} = {AAB021A7-9B87-4D27-8D25-B2AFC551FFBF}
		{F5193FAD-863A-4867-BFA2-590A90573490} = {AAB021A7-9B87-4D27-8D25-B2AFC551FFBF}
		{DE6D95BB-FA71-4CA0-A540-241F2F65A008} = {AAB021A7-9B87-4D27-8D25-B2AFC551FFBF}
		{5999126D-0CCE-4DEB-8426-6BD0E7CFD864} = {0D30607A-0CC4-49F9-BFE8-A7F21487B7C7}
		{5C3898EE-A814-40CF-AE96-1F62696BE573} = {0D30607A-0CC4-49F9-BFE8-A7F21487B7C7}
		{D14FE421-4F98-4A1D-9CFA-C3379EBBB41A} = {0D30607A-0CC4-49F9-BFE8-A7F21487B7C7}
		{0CAFF44E-763D-4DF7-B906-91F6ADA4D819} = {0D30607A-0CC4-49F9-BFE8-A7F21487B7C7}
		{3954E115-17BD-4313-A0BD-42BF75CCB063} = {56953B16-7187-4A34-925F-ACD5DF73A34E}
		{0DEBE580-F7E8-4FF4-9E30-FFDDC0B794E5} = {56953B16-7187-4A34-925F-ACD5DF73A34E}
		{0B698617-EEDA-4E5A-9F11-3A9C060BE03F} = {56953B16-7187-4A34-925F-ACD5DF73A34E}
		{1DDC793A-95E4-410A-8195-C58E6DD1C4CD} = {56953B16-7187-4A34-925F-ACD5DF73A34E}
		{028EBB2A-518D-473A-A017-D3010EC79A91} = {56953B16-7187-4A34-925F-ACD5DF73A34E}
		{E79E485C-CFFC-40AD-B9B3-299DC467ADC9} = {ED28D190-FDEF-41ED-A767-87C9AC483466}
		{0AA009E9-F4BB-4963-BA95-E1CFCCB90161} = {ED28D190-FDEF-41ED-A767-87C9AC483466}
		{7C9FD8AF-448B-4595-A619-899DB2D8F779} = {ED28D190-FDEF-41ED-A767-87C9AC483466}
		{CB9720D0-AF5B-4D30-AFD6-D2E7351A92F2} = {ED28D190-FDEF-41ED-A767-87C9AC483466}
		{F1BDBC75-6EA3-461A-9F8F-F6582B063BA4} = {E2016569-0BD3-446F-ABEB-ED13241816D5}
		{514A1C2F-448C-45BB-A70C-02BF23A1014D} = {3033910D-1122-473F-ACFE-67AD4D71F0E7}
		{A05458E0-326F-4888-9427-170A215BB401} = {514A1C2F-448C-45BB-A70C-02BF23A1014D}
		{44C7199D-A3A9-4E4B-8068-44C7752557A8} = {514A1C2F-448C-45BB-A70C-02BF23A1014D}
		{A2175F18-233C-4CF8-966D-34C12DE2F6B8} = {514A1C2F-448C-45BB-A70C-02BF23A1014D}
		{591C8712-3CEF-4F71-A921-86C81506AA1D} = {3033910D-1122-473F-ACFE-67AD4D71F0E7}
		{14172C97-F220-4E0E-9AA9-65767FCAE0DA} = {591C8712-3CEF-4F71-A921-86C81506AA1D}
		{5669AD9A-30CC-4316-AEA5-1DD073172780} = {591C8712-3CEF-4F71-A921-86C81506AA1D}
		{4E46A6A0-49E3-4BD0-A8A7-2E903DA73933} = {591C8712-3CEF-4F71-A921-86C81506AA1D}
		{1658C4B8-83C9-4A61-8D2E-AD333DDE9963} = {591C8712-3CEF-4F71-A921-86C81506AA1D}
		{699DE00C-EBBB-4002-837E-373DF1AAD1CE} = {AAB021A7-9B87-4D27-8D25-B2AFC551FFBF}
		{2830ADB7-4341-41FE-B8BC-0F71D891CAB6} = {699DE00C-EBBB-4002-837E-373DF1AAD1CE}
		{A684ED65-4C6C-4486-A102-18FE0102C97F} = {699DE00C-EBBB-4002-837E-373DF1AAD1CE}
		{B115D075-2EB6-4797-B5C2-0BD50D855F1E} = {699DE00C-EBBB-4002-837E-373DF1AAD1CE}
		{494EE93D-E19E-4E46-8779-836285193B27} = {0D30607A-0CC4-49F9-BFE8-A7F21487B7C7}
		{FB754245-997C-4103-8D78-7EFD41EE64DE} = {494EE93D-E19E-4E46-8779-836285193B27}
		{4C5141F4-9A94-4B07-9F3E-2733E2CB9182} = {494EE93D-E19E-4E46-8779-836285193B27}
		{9A79D474-0B4C-468A-B652-C8EFAC660C1B} = {494EE93D-E19E-4E46-8779-836285193B27}
		{3C565A55-34BB-42A8-BA18-1FB09F630ECE} = {56953B16-7187-4A34-925F-ACD5DF73A34E}
		{C746D253-9378-4216-A2F3-2AF3AD8F53CB} = {3C565A55-34BB-42A8-BA18-1FB09F630ECE}
		{BA819499-E5B8-4EE1-9605-CB13F7B23CF1} = {3C565A55-34BB-42A8-BA18-1FB09F630ECE}
		{482109E9-42AA-4609-86AC-7CC7DF0F8E5B} = {3C565A55-34BB-42A8-BA18-1FB09F630ECE}
		{AC40A4DA-CC11-44B6-A941-EEEC8EB2AF58} = {ED28D190-FDEF-41ED-A767-87C9AC483466}
		{31EF147A-B43A-4CE3-90F9-1F6DD7D58C1E} = {AC40A4DA-CC11-44B6-A941-EEEC8EB2AF58}
		{B46DB80E-D014-4CEB-AF03-31E78775FA60} = {ED28D190-FDEF-41ED-A767-87C9AC483466}
		{02A3C8DB-B7AF-4496-814E-C1216B8EC295} = {B46DB80E-D014-4CEB-AF03-31E78775FA60}
		{955BF0A0-3160-4E76-B15E-96E6716A4B06} = {B46DB80E-D014-4CEB-AF03-31E78775FA60}
		{1FD7E093-7228-47C1-8B2B-16BE88E97622} = {B46DB80E-D014-4CEB-AF03-31E78775FA60}
	EndGlobalSection
	GlobalSection(ExtensibilityGlobals) = postSolution
		SolutionGuid = {FD3751FB-4BFB-4807-9C04-083F6F68228D}
	EndGlobalSection
EndGlobal
